
Microsoft Visual Studio Solution File, Format Version 12.00
Project("{FAE04EC0-301F-11D3-BF4B-00C04F79EFBC}") = "console", "console\console.csproj", "{1DFEBBF5-2DC9-4AE5-B04E-8B97C535B4C1}"
EndProject
Project("{2150E333-8FDC-42A3-9474-1A3956D46DE8}") = "soln", "soln", "{BF002DC4-B458-4511-9C2E-B96630774AA8}"
	ProjectSection(SolutionItems) = preProject
		.gitignore = .gitignore
	EndProjectSection
EndProject
Global
	GlobalSection(SolutionConfigurationPlatforms) = preSolution
		Debug|Any CPU = Debug|Any CPU
		Release|Any CPU = Release|Any CPU
	EndGlobalSection
	GlobalSection(ProjectConfigurationPlatforms) = postSolution
		{1DFEBBF5-2DC9-4AE5-B04E-8B97C535B4C1}.Debug|Any CPU.ActiveCfg = Debug|Any CPU
		{1DFEBBF5-2DC9-4AE5-B04E-8B97C535B4C1}.Debug|Any CPU.Build.0 = Debug|Any CPU
		{1DFEBBF5-2DC9-4AE5-B04E-8B97C535B4C1}.Release|Any CPU.ActiveCfg = Release|Any CPU
		{1DFEBBF5-2DC9-4AE5-B04E-8B97C535B4C1}.Release|Any CPU.Build.0 = Release|Any CPU
	EndGlobalSection
EndGlobal
